
Microsoft Visual Studio Solution File, Format Version 12.00
# Visual Studio 15
VisualStudioVersion = 15.0.27703.2035
MinimumVisualStudioVersion = 10.0.40219.1
Project("{FAE04EC0-301F-11D3-BF4B-00C04F79EFBC}") = "ConvertersSoloApp5", "ConvertersSoloApp5\ConvertersSoloApp5.csproj", "{FD9D4EAA-DC34-4E63-B6B0-952F66BE1711}"
EndProject
Global
	GlobalSection(SolutionConfigurationPlatforms) = preSolution
		Debug|ARM = Debug|ARM
		Debug|x64 = Debug|x64
		Debug|x86 = Debug|x86
		Release|ARM = Release|ARM
		Release|x64 = Release|x64
		Release|x86 = Release|x86
	EndGlobalSection
	GlobalSection(ProjectConfigurationPlatforms) = postSolution
		{FD9D4EAA-DC34-4E63-B6B0-952F66BE1711}.Debug|ARM.ActiveCfg = Debug|ARM
		{FD9D4EAA-DC34-4E63-B6B0-952F66BE1711}.Debug|ARM.Build.0 = Debug|ARM
		{FD9D4EAA-DC34-4E63-B6B0-952F66BE1711}.Debug|ARM.Deploy.0 = Debug|ARM
		{FD9D4EAA-DC34-4E63-B6B0-952F66BE1711}.Debug|x64.ActiveCfg = Debug|x64
		{FD9D4EAA-DC34-4E63-B6B0-952F66BE1711}.Debug|x64.Build.0 = Debug|x64
		{FD9D4EAA-DC34-4E63-B6B0-952F66BE1711}.Debug|x64.Deploy.0 = Debug|x64
		{FD9D4EAA-DC34-4E63-B6B0-952F66BE1711}.Debug|x86.ActiveCfg = Debug|x86
		{FD9D4EAA-DC34-4E63-B6B0-952F66BE1711}.Debug|x86.Build.0 = Debug|x86
		{FD9D4EAA-DC34-4E63-B6B0-952F66BE1711}.Debug|x86.Deploy.0 = Debug|x86
		{FD9D4EAA-DC34-4E63-B6B0-952F66BE1711}.Release|ARM.ActiveCfg = Release|ARM
		{FD9D4EAA-DC34-4E63-B6B0-952F66BE1711}.Release|ARM.Build.0 = Release|ARM
		{FD9D4EAA-DC34-4E63-B6B0-952F66BE1711}.Release|ARM.Deploy.0 = Release|ARM
		{FD9D4EAA-DC34-4E63-B6B0-952F66BE1711}.Release|x64.ActiveCfg = Release|x64
		{FD9D4EAA-DC34-4E63-B6B0-952F66BE1711}.Release|x64.Build.0 = Release|x64
		{FD9D4EAA-DC34-4E63-B6B0-952F66BE1711}.Release|x64.Deploy.0 = Release|x64
		{FD9D4EAA-DC34-4E63-B6B0-952F66BE1711}.Release|x86.ActiveCfg = Release|x86
		{FD9D4EAA-DC34-4E63-B6B0-952F66BE1711}.Release|x86.Build.0 = Release|x86
		{FD9D4EAA-DC34-4E63-B6B0-952F66BE1711}.Release|x86.Deploy.0 = Release|x86
	EndGlobalSection
	GlobalSection(SolutionProperties) = preSolution
		HideSolutionNode = FALSE
	EndGlobalSection
	GlobalSection(ExtensibilityGlobals) = postSolution
		SolutionGuid = {CFD02709-5854-4AC0-AC28-C0EAF4AAF755}
	EndGlobalSection
EndGlobal
