
Microsoft Visual Studio Solution File, Format Version 12.00
# Visual Studio 15
VisualStudioVersion = 15.0.27703.2035
MinimumVisualStudioVersion = 10.0.40219.1
Project("{FAE04EC0-301F-11D3-BF4B-00C04F79EFBC}") = "ConvertersSoloApp5", "ConvertersSoloApp5\ConvertersSoloApp5.csproj", "{FD9D4EAA-DC34-4E63-B6B0-952F66BE1711}"
EndProject
Project("{FAE04EC0-301F-11D3-BF4B-00C04F79EFBC}") = "UnitTestProject2", "UnitTestProject2\UnitTestProject2.csproj", "{A4F5023A-6141-4FEB-86C4-E859F0F2DA5E}"
EndProject
Project("{FAE04EC0-301F-11D3-BF4B-00C04F79EFBC}") = "ConsoleApp1", "ConsoleApp1\ConsoleApp1.csproj", "{7E269259-565F-4D2D-A0A4-B129DD48392E}"
EndProject
Global
	GlobalSection(SolutionConfigurationPlatforms) = preSolution
		ConsoleApp1_Only|Any CPU = ConsoleApp1_Only|Any CPU
		ConsoleApp1_Only|ARM = ConsoleApp1_Only|ARM
		ConsoleApp1_Only|x64 = ConsoleApp1_Only|x64
		ConsoleApp1_Only|x86 = ConsoleApp1_Only|x86
		Debug|Any CPU = Debug|Any CPU
		Debug|ARM = Debug|ARM
		Debug|x64 = Debug|x64
		Debug|x86 = Debug|x86
		Release|Any CPU = Release|Any CPU
		Release|ARM = Release|ARM
		Release|x64 = Release|x64
		Release|x86 = Release|x86
	EndGlobalSection
	GlobalSection(ProjectConfigurationPlatforms) = postSolution
		{FD9D4EAA-DC34-4E63-B6B0-952F66BE1711}.ConsoleApp1_Only|Any CPU.ActiveCfg = ConsoleApp1_Only|x86
		{FD9D4EAA-DC34-4E63-B6B0-952F66BE1711}.ConsoleApp1_Only|ARM.ActiveCfg = ConsoleApp1_Only|ARM
		{FD9D4EAA-DC34-4E63-B6B0-952F66BE1711}.ConsoleApp1_Only|ARM.Build.0 = ConsoleApp1_Only|ARM
		{FD9D4EAA-DC34-4E63-B6B0-952F66BE1711}.ConsoleApp1_Only|ARM.Deploy.0 = ConsoleApp1_Only|ARM
		{FD9D4EAA-DC34-4E63-B6B0-952F66BE1711}.ConsoleApp1_Only|x64.ActiveCfg = ConsoleApp1_Only|x64
		{FD9D4EAA-DC34-4E63-B6B0-952F66BE1711}.ConsoleApp1_Only|x64.Build.0 = ConsoleApp1_Only|x64
		{FD9D4EAA-DC34-4E63-B6B0-952F66BE1711}.ConsoleApp1_Only|x64.Deploy.0 = ConsoleApp1_Only|x64
		{FD9D4EAA-DC34-4E63-B6B0-952F66BE1711}.ConsoleApp1_Only|x86.ActiveCfg = ConsoleApp1_Only|x86
		{FD9D4EAA-DC34-4E63-B6B0-952F66BE1711}.Debug|Any CPU.ActiveCfg = Debug|x86
		{FD9D4EAA-DC34-4E63-B6B0-952F66BE1711}.Debug|ARM.ActiveCfg = Debug|ARM
		{FD9D4EAA-DC34-4E63-B6B0-952F66BE1711}.Debug|ARM.Build.0 = Debug|ARM
		{FD9D4EAA-DC34-4E63-B6B0-952F66BE1711}.Debug|ARM.Deploy.0 = Debug|ARM
		{FD9D4EAA-DC34-4E63-B6B0-952F66BE1711}.Debug|x64.ActiveCfg = Debug|x64
		{FD9D4EAA-DC34-4E63-B6B0-952F66BE1711}.Debug|x64.Build.0 = Debug|x64
		{FD9D4EAA-DC34-4E63-B6B0-952F66BE1711}.Debug|x64.Deploy.0 = Debug|x64
		{FD9D4EAA-DC34-4E63-B6B0-952F66BE1711}.Debug|x86.ActiveCfg = Debug|x86
		{FD9D4EAA-DC34-4E63-B6B0-952F66BE1711}.Debug|x86.Build.0 = Debug|x86
		{FD9D4EAA-DC34-4E63-B6B0-952F66BE1711}.Debug|x86.Deploy.0 = Debug|x86
		{FD9D4EAA-DC34-4E63-B6B0-952F66BE1711}.Release|Any CPU.ActiveCfg = Release|x86
		{FD9D4EAA-DC34-4E63-B6B0-952F66BE1711}.Release|ARM.ActiveCfg = Release|ARM
		{FD9D4EAA-DC34-4E63-B6B0-952F66BE1711}.Release|ARM.Build.0 = Release|ARM
		{FD9D4EAA-DC34-4E63-B6B0-952F66BE1711}.Release|ARM.Deploy.0 = Release|ARM
		{FD9D4EAA-DC34-4E63-B6B0-952F66BE1711}.Release|x64.ActiveCfg = Release|x64
		{FD9D4EAA-DC34-4E63-B6B0-952F66BE1711}.Release|x64.Build.0 = Release|x64
		{FD9D4EAA-DC34-4E63-B6B0-952F66BE1711}.Release|x64.Deploy.0 = Release|x64
		{FD9D4EAA-DC34-4E63-B6B0-952F66BE1711}.Release|x86.ActiveCfg = Release|x86
		{FD9D4EAA-DC34-4E63-B6B0-952F66BE1711}.Release|x86.Build.0 = Release|x86
		{FD9D4EAA-DC34-4E63-B6B0-952F66BE1711}.Release|x86.Deploy.0 = Release|x86
		{A4F5023A-6141-4FEB-86C4-E859F0F2DA5E}.ConsoleApp1_Only|Any CPU.ActiveCfg = ConsoleApp1_Only|x86
		{A4F5023A-6141-4FEB-86C4-E859F0F2DA5E}.ConsoleApp1_Only|ARM.ActiveCfg = ConsoleApp1_Only|ARM
		{A4F5023A-6141-4FEB-86C4-E859F0F2DA5E}.ConsoleApp1_Only|ARM.Build.0 = ConsoleApp1_Only|ARM
		{A4F5023A-6141-4FEB-86C4-E859F0F2DA5E}.ConsoleApp1_Only|ARM.Deploy.0 = ConsoleApp1_Only|ARM
		{A4F5023A-6141-4FEB-86C4-E859F0F2DA5E}.ConsoleApp1_Only|x64.ActiveCfg = ConsoleApp1_Only|x64
		{A4F5023A-6141-4FEB-86C4-E859F0F2DA5E}.ConsoleApp1_Only|x64.Build.0 = ConsoleApp1_Only|x64
		{A4F5023A-6141-4FEB-86C4-E859F0F2DA5E}.ConsoleApp1_Only|x64.Deploy.0 = ConsoleApp1_Only|x64
		{A4F5023A-6141-4FEB-86C4-E859F0F2DA5E}.ConsoleApp1_Only|x86.ActiveCfg = ConsoleApp1_Only|x86
		{A4F5023A-6141-4FEB-86C4-E859F0F2DA5E}.Debug|Any CPU.ActiveCfg = Debug|x86
		{A4F5023A-6141-4FEB-86C4-E859F0F2DA5E}.Debug|ARM.ActiveCfg = Debug|ARM
		{A4F5023A-6141-4FEB-86C4-E859F0F2DA5E}.Debug|ARM.Build.0 = Debug|ARM
		{A4F5023A-6141-4FEB-86C4-E859F0F2DA5E}.Debug|ARM.Deploy.0 = Debug|ARM
		{A4F5023A-6141-4FEB-86C4-E859F0F2DA5E}.Debug|x64.ActiveCfg = Debug|x64
		{A4F5023A-6141-4FEB-86C4-E859F0F2DA5E}.Debug|x64.Build.0 = Debug|x64
		{A4F5023A-6141-4FEB-86C4-E859F0F2DA5E}.Debug|x64.Deploy.0 = Debug|x64
		{A4F5023A-6141-4FEB-86C4-E859F0F2DA5E}.Debug|x86.ActiveCfg = Debug|x86
		{A4F5023A-6141-4FEB-86C4-E859F0F2DA5E}.Debug|x86.Build.0 = Debug|x86
		{A4F5023A-6141-4FEB-86C4-E859F0F2DA5E}.Debug|x86.Deploy.0 = Debug|x86
		{A4F5023A-6141-4FEB-86C4-E859F0F2DA5E}.Release|Any CPU.ActiveCfg = Release|x86
		{A4F5023A-6141-4FEB-86C4-E859F0F2DA5E}.Release|ARM.ActiveCfg = Release|ARM
		{A4F5023A-6141-4FEB-86C4-E859F0F2DA5E}.Release|ARM.Build.0 = Release|ARM
		{A4F5023A-6141-4FEB-86C4-E859F0F2DA5E}.Release|ARM.Deploy.0 = Release|ARM
		{A4F5023A-6141-4FEB-86C4-E859F0F2DA5E}.Release|x64.ActiveCfg = Release|x64
		{A4F5023A-6141-4FEB-86C4-E859F0F2DA5E}.Release|x64.Build.0 = Release|x64
		{A4F5023A-6141-4FEB-86C4-E859F0F2DA5E}.Release|x64.Deploy.0 = Release|x64
		{A4F5023A-6141-4FEB-86C4-E859F0F2DA5E}.Release|x86.ActiveCfg = Release|x86
		{A4F5023A-6141-4FEB-86C4-E859F0F2DA5E}.Release|x86.Build.0 = Release|x86
		{A4F5023A-6141-4FEB-86C4-E859F0F2DA5E}.Release|x86.Deploy.0 = Release|x86
		{7E269259-565F-4D2D-A0A4-B129DD48392E}.ConsoleApp1_Only|Any CPU.ActiveCfg = ConsoleApp1_Only|Any CPU
		{7E269259-565F-4D2D-A0A4-B129DD48392E}.ConsoleApp1_Only|Any CPU.Build.0 = ConsoleApp1_Only|Any CPU
		{7E269259-565F-4D2D-A0A4-B129DD48392E}.ConsoleApp1_Only|ARM.ActiveCfg = ConsoleApp1_Only|Any CPU
		{7E269259-565F-4D2D-A0A4-B129DD48392E}.ConsoleApp1_Only|ARM.Build.0 = ConsoleApp1_Only|Any CPU
		{7E269259-565F-4D2D-A0A4-B129DD48392E}.ConsoleApp1_Only|x64.ActiveCfg = ConsoleApp1_Only|Any CPU
		{7E269259-565F-4D2D-A0A4-B129DD48392E}.ConsoleApp1_Only|x64.Build.0 = ConsoleApp1_Only|Any CPU
		{7E269259-565F-4D2D-A0A4-B129DD48392E}.ConsoleApp1_Only|x86.ActiveCfg = ConsoleApp1_Only|Any CPU
		{7E269259-565F-4D2D-A0A4-B129DD48392E}.ConsoleApp1_Only|x86.Build.0 = ConsoleApp1_Only|Any CPU
		{7E269259-565F-4D2D-A0A4-B129DD48392E}.Debug|Any CPU.ActiveCfg = Debug|Any CPU
		{7E269259-565F-4D2D-A0A4-B129DD48392E}.Debug|Any CPU.Build.0 = Debug|Any CPU
		{7E269259-565F-4D2D-A0A4-B129DD48392E}.Debug|ARM.ActiveCfg = Debug|Any CPU
		{7E269259-565F-4D2D-A0A4-B129DD48392E}.Debug|ARM.Build.0 = Debug|Any CPU
		{7E269259-565F-4D2D-A0A4-B129DD48392E}.Debug|x64.ActiveCfg = Debug|Any CPU
		{7E269259-565F-4D2D-A0A4-B129DD48392E}.Debug|x64.Build.0 = Debug|Any CPU
		{7E269259-565F-4D2D-A0A4-B129DD48392E}.Debug|x86.ActiveCfg = Debug|Any CPU
		{7E269259-565F-4D2D-A0A4-B129DD48392E}.Debug|x86.Build.0 = Debug|Any CPU
		{7E269259-565F-4D2D-A0A4-B129DD48392E}.Release|Any CPU.ActiveCfg = Release|Any CPU
		{7E269259-565F-4D2D-A0A4-B129DD48392E}.Release|Any CPU.Build.0 = Release|Any CPU
		{7E269259-565F-4D2D-A0A4-B129DD48392E}.Release|ARM.ActiveCfg = Release|Any CPU
		{7E269259-565F-4D2D-A0A4-B129DD48392E}.Release|ARM.Build.0 = Release|Any CPU
		{7E269259-565F-4D2D-A0A4-B129DD48392E}.Release|x64.ActiveCfg = Release|Any CPU
		{7E269259-565F-4D2D-A0A4-B129DD48392E}.Release|x64.Build.0 = Release|Any CPU
		{7E269259-565F-4D2D-A0A4-B129DD48392E}.Release|x86.ActiveCfg = Release|Any CPU
		{7E269259-565F-4D2D-A0A4-B129DD48392E}.Release|x86.Build.0 = Release|Any CPU
	EndGlobalSection
	GlobalSection(SolutionProperties) = preSolution
		HideSolutionNode = FALSE
	EndGlobalSection
	GlobalSection(ExtensibilityGlobals) = postSolution
		SolutionGuid = {CFD02709-5854-4AC0-AC28-C0EAF4AAF755}
	EndGlobalSection
EndGlobal
